# THIS IS AN AUTOGENERATED FILE. DO NOT EDIT THIS FILE DIRECTLY.
# yarn lockfile v1


"@types/estree@0.0.39":
  version "0.0.39"
  resolved "https://registry.npm.taobao.org/@types/estree/download/@types/estree-0.0.39.tgz#e177e699ee1b8c22d23174caaa7422644389509f"
  integrity sha1-4Xfmme4bjCLSMXTKqnQiZEOJUJ8=

"@types/node@^12.7.5":
  version "12.7.7"
  resolved "https://registry.npm.taobao.org/@types/node/download/@types/node-12.7.7.tgz#f9bd8c00fa9e1a8129af910fc829f6139c397d6c"
  integrity sha1-+b2MAPqeGoEpr5EPyCn2E5w5fWw=

acorn@^7.0.0:
  version "7.1.1"
  resolved "https://registry.yarnpkg.com/acorn/-/acorn-7.1.1.tgz#e35668de0b402f359de515c5482a1ab9f89a69bf"
  integrity sha512-add7dgA5ppRPxCFJoAGfMDi7PIBXq1RtGo7BhbLaxwrXPOmw8gq48Y9ozT01hUKy9byMjlR20EJhu5zlkErEkg==

rollup@^1.21.4:
  version "1.21.4"
  resolved "https://registry.npm.taobao.org/rollup/download/rollup-1.21.4.tgz#00a41a30f90095db890301b226cbe2918e4cf54d"
  integrity sha1-AKQaMPkAlduJAwGyJsvikY5M9U0=
  dependencies:
    "@types/estree" "0.0.39"
    "@types/node" "^12.7.5"
    acorn "^7.0.0"
